
Microsoft Visual Studio Solution File, Format Version 12.00
# Visual Studio Version 16
VisualStudioVersion = 16.0.28922.388
MinimumVisualStudioVersion = 10.0.40219.1
Project("{FAE04EC0-301F-11D3-BF4B-00C04F79EFBC}") = "CarApiClient", "CarApiClient.csproj", "{5904B058-1EAF-4A41-9A1F-A1BAC949D8C3}"
EndProject
Global
	GlobalSection(SolutionConfigurationPlatforms) = preSolution
		Debug|Any CPU = Debug|Any CPU
		Release|Any CPU = Release|Any CPU
	EndGlobalSection
	GlobalSection(ProjectConfigurationPlatforms) = postSolution
		{5904B058-1EAF-4A41-9A1F-A1BAC949D8C3}.Debug|Any CPU.ActiveCfg = Debug|Any CPU
		{5904B058-1EAF-4A41-9A1F-A1BAC949D8C3}.Debug|Any CPU.Build.0 = Debug|Any CPU
		{5904B058-1EAF-4A41-9A1F-A1BAC949D8C3}.Release|Any CPU.ActiveCfg = Release|Any CPU
		{5904B058-1EAF-4A41-9A1F-A1BAC949D8C3}.Release|Any CPU.Build.0 = Release|Any CPU
	EndGlobalSection
	GlobalSection(SolutionProperties) = preSolution
		HideSolutionNode = FALSE
	EndGlobalSection
	GlobalSection(ExtensibilityGlobals) = postSolution
		SolutionGuid = {8CBA92AF-91BA-45CB-B2F9-D69FA25F0C9A}
	EndGlobalSection
EndGlobal
